
Microsoft Visual Studio Solution File, Format Version 12.00
# Visual Studio Version 17
VisualStudioVersion = 17.13.35828.75 d17.13
MinimumVisualStudioVersion = 10.0.40219.1
Project("{8BC9CEB8-8B4A-11D0-8D11-00A0C91BC942}") = "CUI-RPG", "CUI-RPG\CUI-RPG.vcxproj", "{252B1D4A-4860-4C93-9F4C-2FD0857C875D}"
EndProject
Global
	GlobalSection(SolutionConfigurationPlatforms) = preSolution
		Debug|x64 = Debug|x64
		Debug|x86 = Debug|x86
		Release|x64 = Release|x64
		Release|x86 = Release|x86
	EndGlobalSection
	GlobalSection(ProjectConfigurationPlatforms) = postSolution
		{252B1D4A-4860-4C93-9F4C-2FD0857C875D}.Debug|x64.ActiveCfg = Debug|x64
		{252B1D4A-4860-4C93-9F4C-2FD0857C875D}.Debug|x64.Build.0 = Debug|x64
		{252B1D4A-4860-4C93-9F4C-2FD0857C875D}.Debug|x86.ActiveCfg = Debug|Win32
		{252B1D4A-4860-4C93-9F4C-2FD0857C875D}.Debug|x86.Build.0 = Debug|Win32
		{252B1D4A-4860-4C93-9F4C-2FD0857C875D}.Release|x64.ActiveCfg = Release|x64
		{252B1D4A-4860-4C93-9F4C-2FD0857C875D}.Release|x64.Build.0 = Release|x64
		{252B1D4A-4860-4C93-9F4C-2FD0857C875D}.Release|x86.ActiveCfg = Release|Win32
		{252B1D4A-4860-4C93-9F4C-2FD0857C875D}.Release|x86.Build.0 = Release|Win32
	EndGlobalSection
	GlobalSection(SolutionProperties) = preSolution
		HideSolutionNode = FALSE
	EndGlobalSection
	GlobalSection(ExtensibilityGlobals) = postSolution
		SolutionGuid = {BB5C0266-EC2D-45CF-8156-8AD3CA6E3DF5}
	EndGlobalSection
EndGlobal
